
Microsoft Visual Studio Solution File, Format Version 12.00
# Visual Studio Version 17
VisualStudioVersion = 17.0.32002.185
MinimumVisualStudioVersion = 10.0.40219.1
Project("{FAE04EC0-301F-11D3-BF4B-00C04F79EFBC}") = "demo", "demo\demo.csproj", "{A27CCC66-5269-4BBB-BD6F-D2933AD3CDCF}"
EndProject
Global
	GlobalSection(SolutionConfigurationPlatforms) = preSolution
		Debug|Any CPU = Debug|Any CPU
		Release|Any CPU = Release|Any CPU
	EndGlobalSection
	GlobalSection(ProjectConfigurationPlatforms) = postSolution
		{A27CCC66-5269-4BBB-BD6F-D2933AD3CDCF}.Debug|Any CPU.ActiveCfg = Debug|Any CPU
		{A27CCC66-5269-4BBB-BD6F-D2933AD3CDCF}.Debug|Any CPU.Build.0 = Debug|Any CPU
		{A27CCC66-5269-4BBB-BD6F-D2933AD3CDCF}.Release|Any CPU.ActiveCfg = Release|Any CPU
		{A27CCC66-5269-4BBB-BD6F-D2933AD3CDCF}.Release|Any CPU.Build.0 = Release|Any CPU
	EndGlobalSection
	GlobalSection(SolutionProperties) = preSolution
		HideSolutionNode = FALSE
	EndGlobalSection
	GlobalSection(ExtensibilityGlobals) = postSolution
		SolutionGuid = {24EDD320-CD1F-49F7-A7D7-B9BFD8357789}
	EndGlobalSection
EndGlobal
